
Microsoft Visual Studio Solution File, Format Version 12.00
# Visual Studio Version 16
VisualStudioVersion = 16.0.30413.136
MinimumVisualStudioVersion = 10.0.40219.1
Project("{FAE04EC0-301F-11D3-BF4B-00C04F79EFBC}") = "Animations.Android", "Animations\Animations.Android\Animations.Android.csproj", "{16FB5AB4-9E67-413D-991B-F3BCB299B27F}"
EndProject
Project("{FAE04EC0-301F-11D3-BF4B-00C04F79EFBC}") = "Animations.iOS", "Animations\Animations.iOS\Animations.iOS.csproj", "{0E010CBE-E37A-4B5A-A1F2-7CAFE4356849}"
EndProject
Project("{FAE04EC0-301F-11D3-BF4B-00C04F79EFBC}") = "Animations", "Animations\Animations\Animations.csproj", "{8F9BE2A4-44E2-4D42-9E55-BF006380B39B}"
EndProject
Global
	GlobalSection(SolutionConfigurationPlatforms) = preSolution
		Debug|Any CPU = Debug|Any CPU
		Debug|iPhone = Debug|iPhone
		Debug|iPhoneSimulator = Debug|iPhoneSimulator
		Release|Any CPU = Release|Any CPU
		Release|iPhone = Release|iPhone
		Release|iPhoneSimulator = Release|iPhoneSimulator
	EndGlobalSection
	GlobalSection(ProjectConfigurationPlatforms) = postSolution
		{16FB5AB4-9E67-413D-991B-F3BCB299B27F}.Debug|Any CPU.ActiveCfg = Debug|Any CPU
		{16FB5AB4-9E67-413D-991B-F3BCB299B27F}.Debug|Any CPU.Build.0 = Debug|Any CPU
		{16FB5AB4-9E67-413D-991B-F3BCB299B27F}.Debug|Any CPU.Deploy.0 = Debug|Any CPU
		{16FB5AB4-9E67-413D-991B-F3BCB299B27F}.Debug|iPhone.ActiveCfg = Debug|Any CPU
		{16FB5AB4-9E67-413D-991B-F3BCB299B27F}.Debug|iPhone.Build.0 = Debug|Any CPU
		{16FB5AB4-9E67-413D-991B-F3BCB299B27F}.Debug|iPhone.Deploy.0 = Debug|Any CPU
		{16FB5AB4-9E67-413D-991B-F3BCB299B27F}.Debug|iPhoneSimulator.ActiveCfg = Debug|Any CPU
		{16FB5AB4-9E67-413D-991B-F3BCB299B27F}.Debug|iPhoneSimulator.Build.0 = Debug|Any CPU
		{16FB5AB4-9E67-413D-991B-F3BCB299B27F}.Debug|iPhoneSimulator.Deploy.0 = Debug|Any CPU
		{16FB5AB4-9E67-413D-991B-F3BCB299B27F}.Release|Any CPU.ActiveCfg = Release|Any CPU
		{16FB5AB4-9E67-413D-991B-F3BCB299B27F}.Release|Any CPU.Build.0 = Release|Any CPU
		{16FB5AB4-9E67-413D-991B-F3BCB299B27F}.Release|Any CPU.Deploy.0 = Release|Any CPU
		{16FB5AB4-9E67-413D-991B-F3BCB299B27F}.Release|iPhone.ActiveCfg = Release|Any CPU
		{16FB5AB4-9E67-413D-991B-F3BCB299B27F}.Release|iPhone.Build.0 = Release|Any CPU
		{16FB5AB4-9E67-413D-991B-F3BCB299B27F}.Release|iPhone.Deploy.0 = Release|Any CPU
		{16FB5AB4-9E67-413D-991B-F3BCB299B27F}.Release|iPhoneSimulator.ActiveCfg = Release|Any CPU
		{16FB5AB4-9E67-413D-991B-F3BCB299B27F}.Release|iPhoneSimulator.Build.0 = Release|Any CPU
		{16FB5AB4-9E67-413D-991B-F3BCB299B27F}.Release|iPhoneSimulator.Deploy.0 = Release|Any CPU
		{0E010CBE-E37A-4B5A-A1F2-7CAFE4356849}.Debug|Any CPU.ActiveCfg = Debug|iPhone
		{0E010CBE-E37A-4B5A-A1F2-7CAFE4356849}.Debug|Any CPU.Build.0 = Debug|iPhone
		{0E010CBE-E37A-4B5A-A1F2-7CAFE4356849}.Debug|Any CPU.Deploy.0 = Debug|iPhone
		{0E010CBE-E37A-4B5A-A1F2-7CAFE4356849}.Debug|iPhone.ActiveCfg = Debug|iPhone
		{0E010CBE-E37A-4B5A-A1F2-7CAFE4356849}.Debug|iPhone.Build.0 = Debug|iPhone
		{0E010CBE-E37A-4B5A-A1F2-7CAFE4356849}.Debug|iPhone.Deploy.0 = Debug|iPhone
		{0E010CBE-E37A-4B5A-A1F2-7CAFE4356849}.Debug|iPhoneSimulator.ActiveCfg = Debug|iPhoneSimulator
		{0E010CBE-E37A-4B5A-A1F2-7CAFE4356849}.Debug|iPhoneSimulator.Build.0 = Debug|iPhoneSimulator
		{0E010CBE-E37A-4B5A-A1F2-7CAFE4356849}.Debug|iPhoneSimulator.Deploy.0 = Debug|iPhoneSimulator
		{0E010CBE-E37A-4B5A-A1F2-7CAFE4356849}.Release|Any CPU.ActiveCfg = Release|iPhone
		{0E010CBE-E37A-4B5A-A1F2-7CAFE4356849}.Release|Any CPU.Build.0 = Release|iPhone
		{0E010CBE-E37A-4B5A-A1F2-7CAFE4356849}.Release|Any CPU.Deploy.0 = Release|iPhone
		{0E010CBE-E37A-4B5A-A1F2-7CAFE4356849}.Release|iPhone.ActiveCfg = Release|iPhone
		{0E010CBE-E37A-4B5A-A1F2-7CAFE4356849}.Release|iPhone.Build.0 = Release|iPhone
		{0E010CBE-E37A-4B5A-A1F2-7CAFE4356849}.Release|iPhone.Deploy.0 = Release|iPhone
		{0E010CBE-E37A-4B5A-A1F2-7CAFE4356849}.Release|iPhoneSimulator.ActiveCfg = Release|iPhoneSimulator
		{0E010CBE-E37A-4B5A-A1F2-7CAFE4356849}.Release|iPhoneSimulator.Build.0 = Release|iPhoneSimulator
		{0E010CBE-E37A-4B5A-A1F2-7CAFE4356849}.Release|iPhoneSimulator.Deploy.0 = Release|iPhoneSimulator
		{8F9BE2A4-44E2-4D42-9E55-BF006380B39B}.Debug|Any CPU.ActiveCfg = Debug|Any CPU
		{8F9BE2A4-44E2-4D42-9E55-BF006380B39B}.Debug|Any CPU.Build.0 = Debug|Any CPU
		{8F9BE2A4-44E2-4D42-9E55-BF006380B39B}.Debug|Any CPU.Deploy.0 = Debug|Any CPU
		{8F9BE2A4-44E2-4D42-9E55-BF006380B39B}.Debug|iPhone.ActiveCfg = Debug|Any CPU
		{8F9BE2A4-44E2-4D42-9E55-BF006380B39B}.Debug|iPhone.Build.0 = Debug|Any CPU
		{8F9BE2A4-44E2-4D42-9E55-BF006380B39B}.Debug|iPhone.Deploy.0 = Debug|Any CPU
		{8F9BE2A4-44E2-4D42-9E55-BF006380B39B}.Debug|iPhoneSimulator.ActiveCfg = Debug|Any CPU
		{8F9BE2A4-44E2-4D42-9E55-BF006380B39B}.Debug|iPhoneSimulator.Build.0 = Debug|Any CPU
		{8F9BE2A4-44E2-4D42-9E55-BF006380B39B}.Debug|iPhoneSimulator.Deploy.0 = Debug|Any CPU
		{8F9BE2A4-44E2-4D42-9E55-BF006380B39B}.Release|Any CPU.ActiveCfg = Release|Any CPU
		{8F9BE2A4-44E2-4D42-9E55-BF006380B39B}.Release|Any CPU.Build.0 = Release|Any CPU
		{8F9BE2A4-44E2-4D42-9E55-BF006380B39B}.Release|Any CPU.Deploy.0 = Release|Any CPU
		{8F9BE2A4-44E2-4D42-9E55-BF006380B39B}.Release|iPhone.ActiveCfg = Release|Any CPU
		{8F9BE2A4-44E2-4D42-9E55-BF006380B39B}.Release|iPhone.Build.0 = Release|Any CPU
		{8F9BE2A4-44E2-4D42-9E55-BF006380B39B}.Release|iPhone.Deploy.0 = Release|Any CPU
		{8F9BE2A4-44E2-4D42-9E55-BF006380B39B}.Release|iPhoneSimulator.ActiveCfg = Release|Any CPU
		{8F9BE2A4-44E2-4D42-9E55-BF006380B39B}.Release|iPhoneSimulator.Build.0 = Release|Any CPU
		{8F9BE2A4-44E2-4D42-9E55-BF006380B39B}.Release|iPhoneSimulator.Deploy.0 = Release|Any CPU
	EndGlobalSection
	GlobalSection(SolutionProperties) = preSolution
		HideSolutionNode = FALSE
	EndGlobalSection
	GlobalSection(ExtensibilityGlobals) = postSolution
		SolutionGuid = {CC41624D-C7CD-458C-93E0-2CA8586AE4E1}
	EndGlobalSection
EndGlobal
